PODS:
  - AsyncTask (0.1.0)
  - Cartography (0.6.0)
  - Nimble (3.2.0)
  - Quick (0.9.2)
  - ReactiveUI (0.0.3)

DEPENDENCIES:
  - AsyncTask (from `../`)
  - Cartography
  - Nimble (~> 3.0)
  - Quick (~> 0.8)
  - ReactiveUI

EXTERNAL SOURCES:
  AsyncTask:
    :path: "../"

SPEC CHECKSUMS:
  AsyncTask: e7bd93a2dfbfbb0bcff1713ed26aff567c4b6b50
  Cartography: 70af183a248547694a8cfaa6b989cb7e04589985
  Nimble: 703854335d181df169bbca9c97117b5cf8c47c1d
  Quick: 18d057bc66451eedd5d1c8dc99ba2a5db6e60226
  ReactiveUI: 05d1f5d884e5a2496a2cd2ac6c0ed35ab0218c02

PODFILE CHECKSUM: 578d6c4fadad9edff6050fdbd28a89ead64fdf2e

COCOAPODS: 1.0.0
